// !$*UTF8*$!
{
	archiveVersion = 1;
	classes = {
	};
	objectVersion = 46;
	objects = {

/* Begin PBXBuildFile section */
		77875CDA2097A69400B8340F /* MEGAChatContainsMeta.mm in Sources */ = {isa = PBXBuildFile; fileRef = 77875CD92097A69400B8340F /* MEGAChatContainsMeta.mm */; };
		77875CDD2097A80700B8340F /* MEGAChatRichPreview.mm in Sources */ = {isa = PBXBuildFile; fileRef = 77875CDC2097A80700B8340F /* MEGAChatRichPreview.mm */; };
		8394CF9E211992A200A1634A /* MEGAChatSession.mm in Sources */ = {isa = PBXBuildFile; fileRef = 8394CF9D211992A200A1634A /* MEGAChatSession.mm */; };
		941977341F163DDE00A76EE3 /* websocketsIO.cpp in Sources */ = {isa = PBXBuildFile; fileRef = 941977321F163DDE00A76EE3 /* websocketsIO.cpp */; };
		947566561F3397AE00FE8664 /* cservices.cpp in Sources */ = {isa = PBXBuildFile; fileRef = 947566551F3397AE00FE8664 /* cservices.cpp */; };
		A82750D21E9788A3007CD9E2 /* MEGAChatError.mm in Sources */ = {isa = PBXBuildFile; fileRef = A82750BB1E9788A3007CD9E2 /* MEGAChatError.mm */; };
		A82750D31E9788A3007CD9E2 /* MEGAChatListItem.mm in Sources */ = {isa = PBXBuildFile; fileRef = A82750BD1E9788A3007CD9E2 /* MEGAChatListItem.mm */; };
		A82750D41E9788A3007CD9E2 /* MEGAChatListItemList.mm in Sources */ = {isa = PBXBuildFile; fileRef = A82750BF1E9788A3007CD9E2 /* MEGAChatListItemList.mm */; };
		A82750D51E9788A3007CD9E2 /* MEGAChatMessage.mm in Sources */ = {isa = PBXBuildFile; fileRef = A82750C21E9788A3007CD9E2 /* MEGAChatMessage.mm */; };
		A82750D61E9788A3007CD9E2 /* MEGAChatPeerList.mm in Sources */ = {isa = PBXBuildFile; fileRef = A82750C41E9788A3007CD9E2 /* MEGAChatPeerList.mm */; };
		A82750D71E9788A3007CD9E2 /* MEGAChatPresenceConfig.mm in Sources */ = {isa = PBXBuildFile; fileRef = A82750C61E9788A3007CD9E2 /* MEGAChatPresenceConfig.mm */; };
		A82750D81E9788A3007CD9E2 /* MEGAChatRequest.mm in Sources */ = {isa = PBXBuildFile; fileRef = A82750C81E9788A3007CD9E2 /* MEGAChatRequest.mm */; };
		A82750D91E9788A3007CD9E2 /* MEGAChatRoom.mm in Sources */ = {isa = PBXBuildFile; fileRef = A82750CB1E9788A3007CD9E2 /* MEGAChatRoom.mm */; };
		A82750DA1E9788A3007CD9E2 /* MEGAChatRoomList.mm in Sources */ = {isa = PBXBuildFile; fileRef = A82750CE1E9788A3007CD9E2 /* MEGAChatRoomList.mm */; };
		A82750DB1E9788A3007CD9E2 /* MEGAChatSdk.mm in Sources */ = {isa = PBXBuildFile; fileRef = A82750D01E9788A3007CD9E2 /* MEGAChatSdk.mm */; };
		A82750EE1E9788D8007CD9E2 /* DelegateMEGAChatListener.mm in Sources */ = {isa = PBXBuildFile; fileRef = A82750DD1E9788D8007CD9E2 /* DelegateMEGAChatListener.mm */; };
		A82750EF1E9788D8007CD9E2 /* DelegateMEGAChatLoggerListener.mm in Sources */ = {isa = PBXBuildFile; fileRef = A82750DF1E9788D8007CD9E2 /* DelegateMEGAChatLoggerListener.mm */; };
		A82750F01E9788D8007CD9E2 /* DelegateMEGAChatRequestListener.mm in Sources */ = {isa = PBXBuildFile; fileRef = A82750E11E9788D8007CD9E2 /* DelegateMEGAChatRequestListener.mm */; };
		A82750F11E9788D8007CD9E2 /* DelegateMEGAChatRoomListener.mm in Sources */ = {isa = PBXBuildFile; fileRef = A82750E31E9788D8007CD9E2 /* DelegateMEGAChatRoomListener.mm */; };
		A835A8AB1F979CDC0075646F /* MEGAChatCall.mm in Sources */ = {isa = PBXBuildFile; fileRef = A835A8AA1F979CDC0075646F /* MEGAChatCall.mm */; };
		A835A8B31F97A74B0075646F /* DelegateMEGAChatCallListener.mm in Sources */ = {isa = PBXBuildFile; fileRef = A835A8B21F97A74B0075646F /* DelegateMEGAChatCallListener.mm */; };
		A835A8B61F97AE240075646F /* DelegateMEGAChatVideoListener.mm in Sources */ = {isa = PBXBuildFile; fileRef = A835A8B51F97AE240075646F /* DelegateMEGAChatVideoListener.mm */; };
		A8373880213019CA0014328D /* DelegateMEGAChatNotificationListener.mm in Sources */ = {isa = PBXBuildFile; fileRef = A837387E213019CA0014328D /* DelegateMEGAChatNotificationListener.mm */; };
		A838B20A1E9685A200875D96 /* logger.cpp in Sources */ = {isa = PBXBuildFile; fileRef = A838B2051E9685A200875D96 /* logger.cpp */; };
		A838B2211E9685F000875D96 /* strongvelope.cpp in Sources */ = {isa = PBXBuildFile; fileRef = A838B2201E9685F000875D96 /* strongvelope.cpp */; };
		A83D5BF41F974AF900A038F7 /* rtcStats.cpp in Sources */ = {isa = PBXBuildFile; fileRef = A83D5BF11F974AF900A038F7 /* rtcStats.cpp */; };
		A83D5BF51F974AF900A038F7 /* webrtc.cpp in Sources */ = {isa = PBXBuildFile; fileRef = A83D5BF21F974AF900A038F7 /* webrtc.cpp */; };
		A83D5BF61F974AF900A038F7 /* webrtcAdapter.cpp in Sources */ = {isa = PBXBuildFile; fileRef = A83D5BF31F974AF900A038F7 /* webrtcAdapter.cpp */; };
		A879F3B21F966682007C5394 /* libwebsocketsIO.cpp in Sources */ = {isa = PBXBuildFile; fileRef = A879F3B11F966681007C5394 /* libwebsocketsIO.cpp */; };
		A879F3B61F9667F5007C5394 /* karereDbSchema.cpp in Sources */ = {isa = PBXBuildFile; fileRef = A879F3B51F9667F5007C5394 /* karereDbSchema.cpp */; };
		A879F3C01F96683A007C5394 /* base64url.cpp in Sources */ = {isa = PBXBuildFile; fileRef = A879F3B71F966838007C5394 /* base64url.cpp */; };
		A879F3C11F96683A007C5394 /* karereCommon.cpp in Sources */ = {isa = PBXBuildFile; fileRef = A879F3B81F966839007C5394 /* karereCommon.cpp */; };
		A879F3C21F96683A007C5394 /* presenced.cpp in Sources */ = {isa = PBXBuildFile; fileRef = A879F3B91F966839007C5394 /* presenced.cpp */; };
		A879F3C31F96683A007C5394 /* url.cpp in Sources */ = {isa = PBXBuildFile; fileRef = A879F3BA1F966839007C5394 /* url.cpp */; };
		A879F3C41F96683A007C5394 /* userAttrCache.cpp in Sources */ = {isa = PBXBuildFile; fileRef = A879F3BB1F966839007C5394 /* userAttrCache.cpp */; };
		A879F3C51F96683A007C5394 /* chatd.cpp in Sources */ = {isa = PBXBuildFile; fileRef = A879F3BC1F966839007C5394 /* chatd.cpp */; };
		A879F3C61F96683A007C5394 /* chatClient.cpp in Sources */ = {isa = PBXBuildFile; fileRef = A879F3BD1F966839007C5394 /* chatClient.cpp */; };
		A879F3C71F96683A007C5394 /* megachatapi.cpp in Sources */ = {isa = PBXBuildFile; fileRef = A879F3BE1F96683A007C5394 /* megachatapi.cpp */; };
		A879F3C81F96683A007C5394 /* megachatapi_impl.cpp in Sources */ = {isa = PBXBuildFile; fileRef = A879F3BF1F96683A007C5394 /* megachatapi_impl.cpp */; };
		A879F3CA1F96685E007C5394 /* libuvWaiter.cpp in Sources */ = {isa = PBXBuildFile; fileRef = A879F3C91F96685D007C5394 /* libuvWaiter.cpp */; };
		A879F3D91F966D8E007C5394 /* rtcCrypto.cpp in Sources */ = {isa = PBXBuildFile; fileRef = A879F3D81F966D8E007C5394 /* rtcCrypto.cpp */; };
		A8AA1BF92195B21800E15B60 /* DelegateMEGAChatNodeHistoryListener.mm in Sources */ = {isa = PBXBuildFile; fileRef = A8AA1BF82195B21800E15B60 /* DelegateMEGAChatNodeHistoryListener.mm */; };
		A8F96C1A219DE3A2005A3EB6 /* MEGAChatGeolocation.mm in Sources */ = {isa = PBXBuildFile; fileRef = A8F96C19219DE3A2005A3EB6 /* MEGAChatGeolocation.mm */; };
/* End PBXBuildFile section */

/* Begin PBXCopyFilesBuildPhase section */
		A838B1F61E96855400875D96 /* CopyFiles */ = {
			isa = PBXCopyFilesBuildPhase;
			buildActionMask = 2147483647;
			dstPath = "include/$(PRODUCT_NAME)";
			dstSubfolderSpec = 16;
			files = (
			);
			runOnlyForDeploymentPostprocessing = 0;
		};
/* End PBXCopyFilesBuildPhase section */

/* Begin PBXFileReference section */
		77875CD82097A69400B8340F /* MEGAChatContainsMeta.h */ = {isa = PBXFileReference; lastKnownFileType = sourcecode.c.h; path = MEGAChatContainsMeta.h; sourceTree = "<group>"; };
		77875CD92097A69400B8340F /* MEGAChatContainsMeta.mm */ = {isa = PBXFileReference; lastKnownFileType = sourcecode.cpp.objcpp; path = MEGAChatContainsMeta.mm; sourceTree = "<group>"; };
		77875CDB2097A80700B8340F /* MEGAChatRichPreview.h */ = {isa = PBXFileReference; lastKnownFileType = sourcecode.c.h; path = MEGAChatRichPreview.h; sourceTree = "<group>"; };
		77875CDC2097A80700B8340F /* MEGAChatRichPreview.mm */ = {isa = PBXFileReference; lastKnownFileType = sourcecode.cpp.objcpp; path = MEGAChatRichPreview.mm; sourceTree = "<group>"; };
		77875CDE2099A6AF00B8340F /* MEGAChatContainsMeta+init.h */ = {isa = PBXFileReference; lastKnownFileType = sourcecode.c.h; path = "MEGAChatContainsMeta+init.h"; sourceTree = "<group>"; };
		77875CDF2099A8E300B8340F /* MEGAChatRichPreview+init.h */ = {isa = PBXFileReference; lastKnownFileType = sourcecode.c.h; path = "MEGAChatRichPreview+init.h"; sourceTree = "<group>"; };
		8394CF9C211992A200A1634A /* MEGAChatSession.h */ = {isa = PBXFileReference; lastKnownFileType = sourcecode.c.h; path = MEGAChatSession.h; sourceTree = "<group>"; };
		8394CF9D211992A200A1634A /* MEGAChatSession.mm */ = {isa = PBXFileReference; lastKnownFileType = sourcecode.cpp.objcpp; path = MEGAChatSession.mm; sourceTree = "<group>"; };
		8394CFA02119F3E700A1634A /* MEGAChatSession+init.h */ = {isa = PBXFileReference; lastKnownFileType = sourcecode.c.h; name = "MEGAChatSession+init.h"; path = "Private/MEGAChatSession+init.h"; sourceTree = "<group>"; };
		941977321F163DDE00A76EE3 /* websocketsIO.cpp */ = {isa = PBXFileReference; fileEncoding = 4; lastKnownFileType = sourcecode.cpp.cpp; name = websocketsIO.cpp; path = ../../src/net/websocketsIO.cpp; sourceTree = "<group>"; };
		947565EE1F168CB400FE8664 /* timers.hpp */ = {isa = PBXFileReference; fileEncoding = 4; lastKnownFileType = sourcecode.cpp.h; name = timers.hpp; path = ../../src/base/timers.hpp; sourceTree = "<group>"; };
		947565F01F18D4E900FE8664 /* asyncTest-framework.h */ = {isa = PBXFileReference; fileEncoding = 4; lastKnownFileType = sourcecode.c.h; name = "asyncTest-framework.h"; path = "../../src/asyncTest-framework.h"; sourceTree = "<group>"; };
		947565F11F18D4E900FE8664 /* asyncTest.h */ = {isa = PBXFileReference; fileEncoding = 4; lastKnownFileType = sourcecode.c.h; name = asyncTest.h; path = ../../src/asyncTest.h; sourceTree = "<group>"; };
		947565F21F18D4E900FE8664 /* autoHandle.h */ = {isa = PBXFileReference; fileEncoding = 4; lastKnownFileType = sourcecode.c.h; name = autoHandle.h; path = ../../src/autoHandle.h; sourceTree = "<group>"; };
		947565F31F18D4E900FE8664 /* base64url.h */ = {isa = PBXFileReference; fileEncoding = 4; lastKnownFileType = sourcecode.c.h; name = base64url.h; path = ../../src/base64url.h; sourceTree = "<group>"; };
		947565F41F18D4E900FE8664 /* buffer.h */ = {isa = PBXFileReference; fileEncoding = 4; lastKnownFileType = sourcecode.c.h; name = buffer.h; path = ../../src/buffer.h; sourceTree = "<group>"; };
		947565F51F18D4E900FE8664 /* chatClient.h */ = {isa = PBXFileReference; fileEncoding = 4; lastKnownFileType = sourcecode.c.h; name = chatClient.h; path = ../../src/chatClient.h; sourceTree = "<group>"; };
		947565F61F18D4E900FE8664 /* chatCommon.h */ = {isa = PBXFileReference; fileEncoding = 4; lastKnownFileType = sourcecode.c.h; name = chatCommon.h; path = ../../src/chatCommon.h; sourceTree = "<group>"; };
		947565F71F18D4E900FE8664 /* chatd.h */ = {isa = PBXFileReference; fileEncoding = 4; lastKnownFileType = sourcecode.c.h; name = chatd.h; path = ../../src/chatd.h; sourceTree = "<group>"; };
		947565F81F18D4E900FE8664 /* chatdDb.h */ = {isa = PBXFileReference; fileEncoding = 4; lastKnownFileType = sourcecode.c.h; name = chatdDb.h; path = ../../src/chatdDb.h; sourceTree = "<group>"; };
		947565F91F18D4E900FE8664 /* chatdICrypto.h */ = {isa = PBXFileReference; fileEncoding = 4; lastKnownFileType = sourcecode.c.h; name = chatdICrypto.h; path = ../../src/chatdICrypto.h; sourceTree = "<group>"; };
		947565FA1F18D4E900FE8664 /* chatdMsg.h */ = {isa = PBXFileReference; fileEncoding = 4; lastKnownFileType = sourcecode.c.h; name = chatdMsg.h; path = ../../src/chatdMsg.h; sourceTree = "<group>"; };
		947565FD1F18D4E900FE8664 /* db.h */ = {isa = PBXFileReference; fileEncoding = 4; lastKnownFileType = sourcecode.c.h; name = db.h; path = ../../src/db.h; sourceTree = "<group>"; };
		947565FE1F18D4E900FE8664 /* dummyCrypto.h */ = {isa = PBXFileReference; fileEncoding = 4; lastKnownFileType = sourcecode.c.h; name = dummyCrypto.h; path = ../../src/dummyCrypto.h; sourceTree = "<group>"; };
		947565FF1F18D4E900FE8664 /* IGui.h */ = {isa = PBXFileReference; fileEncoding = 4; lastKnownFileType = sourcecode.c.h; name = IGui.h; path = ../../src/IGui.h; sourceTree = "<group>"; };
		947566001F18D4E900FE8664 /* karereCommon.h */ = {isa = PBXFileReference; fileEncoding = 4; lastKnownFileType = sourcecode.c.h; name = karereCommon.h; path = ../../src/karereCommon.h; sourceTree = "<group>"; };
		947566011F18D4E900FE8664 /* karereId.h */ = {isa = PBXFileReference; fileEncoding = 4; lastKnownFileType = sourcecode.c.h; name = karereId.h; path = ../../src/karereId.h; sourceTree = "<group>"; };
		947566021F18D4E900FE8664 /* megachatapi_impl.h */ = {isa = PBXFileReference; fileEncoding = 4; lastKnownFileType = sourcecode.c.h; name = megachatapi_impl.h; path = ../../src/megachatapi_impl.h; sourceTree = "<group>"; };
		947566031F18D4E900FE8664 /* megachatapi.h */ = {isa = PBXFileReference; fileEncoding = 4; lastKnownFileType = sourcecode.c.h; name = megachatapi.h; path = ../../src/megachatapi.h; sourceTree = "<group>"; };
		947566051F18D4E900FE8664 /* messageBus.h */ = {isa = PBXFileReference; fileEncoding = 4; lastKnownFileType = sourcecode.c.h; name = messageBus.h; path = ../../src/messageBus.h; sourceTree = "<group>"; };
		947566061F18D4E900FE8664 /* presenced.h */ = {isa = PBXFileReference; fileEncoding = 4; lastKnownFileType = sourcecode.c.h; name = presenced.h; path = ../../src/presenced.h; sourceTree = "<group>"; };
		947566071F18D4E900FE8664 /* sdkApi.h */ = {isa = PBXFileReference; fileEncoding = 4; lastKnownFileType = sourcecode.c.h; name = sdkApi.h; path = ../../src/sdkApi.h; sourceTree = "<group>"; };
		947566081F18D4E900FE8664 /* serverListProvider.h */ = {isa = PBXFileReference; fileEncoding = 4; lastKnownFileType = sourcecode.c.h; name = serverListProvider.h; path = ../../src/serverListProvider.h; sourceTree = "<group>"; };
		9475660A1F18D4E900FE8664 /* stringUtils.h */ = {isa = PBXFileReference; fileEncoding = 4; lastKnownFileType = sourcecode.c.h; name = stringUtils.h; path = ../../src/stringUtils.h; sourceTree = "<group>"; };
		9475660E1F18D4E900FE8664 /* url.h */ = {isa = PBXFileReference; fileEncoding = 4; lastKnownFileType = sourcecode.c.h; name = url.h; path = ../../src/url.h; sourceTree = "<group>"; };
		9475660F1F18D4E900FE8664 /* userAttrCache.h */ = {isa = PBXFileReference; fileEncoding = 4; lastKnownFileType = sourcecode.c.h; name = userAttrCache.h; path = ../../src/userAttrCache.h; sourceTree = "<group>"; };
		947566101F18D4E900FE8664 /* videoRenderer_objc.h */ = {isa = PBXFileReference; fileEncoding = 4; lastKnownFileType = sourcecode.c.h; name = videoRenderer_objc.h; path = ../../src/videoRenderer_objc.h; sourceTree = "<group>"; };
		947566111F18D4E900FE8664 /* videoRenderer_Qt.h */ = {isa = PBXFileReference; fileEncoding = 4; lastKnownFileType = sourcecode.c.h; name = videoRenderer_Qt.h; path = ../../src/videoRenderer_Qt.h; sourceTree = "<group>"; };
		947566171F18D53D00FE8664 /* IDeviceListImpl.h */ = {isa = PBXFileReference; fileEncoding = 4; lastKnownFileType = sourcecode.c.h; name = IDeviceListImpl.h; path = ../../src/rtcModule/IDeviceListImpl.h; sourceTree = "<group>"; };
		9475661A1F18D53D00FE8664 /* IRtcStats.h */ = {isa = PBXFileReference; fileEncoding = 4; lastKnownFileType = sourcecode.c.h; name = IRtcStats.h; path = ../../src/rtcModule/IRtcStats.h; sourceTree = "<group>"; };
		9475661B1F18D53D00FE8664 /* ITypes.h */ = {isa = PBXFileReference; fileEncoding = 4; lastKnownFileType = sourcecode.c.h; name = ITypes.h; path = ../../src/rtcModule/ITypes.h; sourceTree = "<group>"; };
		9475661C1F18D53D00FE8664 /* ITypesImpl.h */ = {isa = PBXFileReference; fileEncoding = 4; lastKnownFileType = sourcecode.c.h; name = ITypesImpl.h; path = ../../src/rtcModule/ITypesImpl.h; sourceTree = "<group>"; };
		9475661D1F18D53D00FE8664 /* IVideoRenderer.h */ = {isa = PBXFileReference; fileEncoding = 4; lastKnownFileType = sourcecode.c.h; name = IVideoRenderer.h; path = ../../src/rtcModule/IVideoRenderer.h; sourceTree = "<group>"; };
		947566201F18D53D00FE8664 /* rtcmPrivate.h */ = {isa = PBXFileReference; fileEncoding = 4; lastKnownFileType = sourcecode.c.h; name = rtcmPrivate.h; path = ../../src/rtcModule/rtcmPrivate.h; sourceTree = "<group>"; };
		947566211F18D53D00FE8664 /* rtcStats.h */ = {isa = PBXFileReference; fileEncoding = 4; lastKnownFileType = sourcecode.c.h; name = rtcStats.h; path = ../../src/rtcModule/rtcStats.h; sourceTree = "<group>"; };
		947566221F18D53D00FE8664 /* streamPlayer.h */ = {isa = PBXFileReference; fileEncoding = 4; lastKnownFileType = sourcecode.c.h; name = streamPlayer.h; path = ../../src/rtcModule/streamPlayer.h; sourceTree = "<group>"; };
		947566261F18D53D00FE8664 /* webrtcAdapter.h */ = {isa = PBXFileReference; fileEncoding = 4; lastKnownFileType = sourcecode.c.h; name = webrtcAdapter.h; path = ../../src/rtcModule/webrtcAdapter.h; sourceTree = "<group>"; };
		947566271F18D53D00FE8664 /* webrtcAsyncWaiter.h */ = {isa = PBXFileReference; fileEncoding = 4; lastKnownFileType = sourcecode.c.h; name = webrtcAsyncWaiter.h; path = ../../src/rtcModule/webrtcAsyncWaiter.h; sourceTree = "<group>"; };
		947566291F18D57F00FE8664 /* asyncTools.h */ = {isa = PBXFileReference; fileEncoding = 4; lastKnownFileType = sourcecode.c.h; name = asyncTools.h; path = ../../src/base/asyncTools.h; sourceTree = "<group>"; };
		9475662B1F18D57F00FE8664 /* cservices-thread.h */ = {isa = PBXFileReference; fileEncoding = 4; lastKnownFileType = sourcecode.c.h; name = "cservices-thread.h"; path = "../../src/base/cservices-thread.h"; sourceTree = "<group>"; };
		9475662C1F18D57F00FE8664 /* cservices.h */ = {isa = PBXFileReference; fileEncoding = 4; lastKnownFileType = sourcecode.c.h; name = cservices.h; path = ../../src/base/cservices.h; sourceTree = "<group>"; };
		9475662D1F18D57F00FE8664 /* gcm.h */ = {isa = PBXFileReference; fileEncoding = 4; lastKnownFileType = sourcecode.c.h; name = gcm.h; path = ../../src/base/gcm.h; sourceTree = "<group>"; };
		9475662E1F18D57F00FE8664 /* gcmpp.h */ = {isa = PBXFileReference; fileEncoding = 4; lastKnownFileType = sourcecode.c.h; name = gcmpp.h; path = ../../src/base/gcmpp.h; sourceTree = "<group>"; };
		9475662F1F18D57F00FE8664 /* logger.h */ = {isa = PBXFileReference; fileEncoding = 4; lastKnownFileType = sourcecode.c.h; name = logger.h; path = ../../src/base/logger.h; sourceTree = "<group>"; };
		947566301F18D57F00FE8664 /* loggerChannelConfig.h */ = {isa = PBXFileReference; fileEncoding = 4; lastKnownFileType = sourcecode.c.h; name = loggerChannelConfig.h; path = ../../src/base/loggerChannelConfig.h; sourceTree = "<group>"; };
		947566311F18D57F00FE8664 /* loggerConsole.h */ = {isa = PBXFileReference; fileEncoding = 4; lastKnownFileType = sourcecode.c.h; name = loggerConsole.h; path = ../../src/base/loggerConsole.h; sourceTree = "<group>"; };
		947566321F18D57F00FE8664 /* loggerFile.h */ = {isa = PBXFileReference; fileEncoding = 4; lastKnownFileType = sourcecode.c.h; name = loggerFile.h; path = ../../src/base/loggerFile.h; sourceTree = "<group>"; };
		947566331F18D57F00FE8664 /* promise.h */ = {isa = PBXFileReference; fileEncoding = 4; lastKnownFileType = sourcecode.c.h; name = promise.h; path = ../../src/base/promise.h; sourceTree = "<group>"; };
		947566341F18D57F00FE8664 /* retryHandler.h */ = {isa = PBXFileReference; fileEncoding = 4; lastKnownFileType = sourcecode.c.h; name = retryHandler.h; path = ../../src/base/retryHandler.h; sourceTree = "<group>"; };
		947566351F18D57F00FE8664 /* services.h */ = {isa = PBXFileReference; fileEncoding = 4; lastKnownFileType = sourcecode.c.h; name = services.h; path = ../../src/base/services.h; sourceTree = "<group>"; };
		947566361F18D57F00FE8664 /* trackDelete.h */ = {isa = PBXFileReference; fileEncoding = 4; lastKnownFileType = sourcecode.c.h; name = trackDelete.h; path = ../../src/base/trackDelete.h; sourceTree = "<group>"; };
		9475663A1F18D5CF00FE8664 /* cryptofunctions.h */ = {isa = PBXFileReference; fileEncoding = 4; lastKnownFileType = sourcecode.c.h; name = cryptofunctions.h; path = ../../src/strongvelope/cryptofunctions.h; sourceTree = "<group>"; };
		9475663B1F18D5CF00FE8664 /* strongvelope.h */ = {isa = PBXFileReference; fileEncoding = 4; lastKnownFileType = sourcecode.c.h; name = strongvelope.h; path = ../../src/strongvelope/strongvelope.h; sourceTree = "<group>"; };
		9475663C1F18D5CF00FE8664 /* tlvstore.h */ = {isa = PBXFileReference; fileEncoding = 4; lastKnownFileType = sourcecode.c.h; name = tlvstore.h; path = ../../src/strongvelope/tlvstore.h; sourceTree = "<group>"; };
		9475663D1F18D60300FE8664 /* libwebsocketsIO.h */ = {isa = PBXFileReference; fileEncoding = 4; lastKnownFileType = sourcecode.c.h; name = libwebsocketsIO.h; path = ../../src/net/libwebsocketsIO.h; sourceTree = "<group>"; };
		9475663E1F18D60300FE8664 /* libwsIO.h */ = {isa = PBXFileReference; fileEncoding = 4; lastKnownFileType = sourcecode.c.h; name = libwsIO.h; path = ../../src/net/libwsIO.h; sourceTree = "<group>"; };
		9475663F1F18D60300FE8664 /* websocketsIO.h */ = {isa = PBXFileReference; fileEncoding = 4; lastKnownFileType = sourcecode.c.h; name = websocketsIO.h; path = ../../src/net/websocketsIO.h; sourceTree = "<group>"; };
		947566441F197C0A00FE8664 /* libuvWaiter.h */ = {isa = PBXFileReference; fileEncoding = 4; lastKnownFileType = sourcecode.c.h; name = libuvWaiter.h; path = ../../src/waiter/libuvWaiter.h; sourceTree = "<group>"; };
		947566551F3397AE00FE8664 /* cservices.cpp */ = {isa = PBXFileReference; fileEncoding = 4; lastKnownFileType = sourcecode.cpp.cpp; name = cservices.cpp; path = ../../src/base/cservices.cpp; sourceTree = "<group>"; };
		A819DE8D219EE12E00EA9C22 /* MEGAChatGeolocation+init.h */ = {isa = PBXFileReference; lastKnownFileType = sourcecode.c.h; name = "MEGAChatGeolocation+init.h"; path = "Private/MEGAChatGeolocation+init.h"; sourceTree = "<group>"; };
		A82750B91E9788A3007CD9E2 /* MEGAChatDelegate.h */ = {isa = PBXFileReference; fileEncoding = 4; lastKnownFileType = sourcecode.c.h; path = MEGAChatDelegate.h; sourceTree = "<group>"; };
		A82750BA1E9788A3007CD9E2 /* MEGAChatError.h */ = {isa = PBXFileReference; fileEncoding = 4; lastKnownFileType = sourcecode.c.h; path = MEGAChatError.h; sourceTree = "<group>"; };
		A82750BB1E9788A3007CD9E2 /* MEGAChatError.mm */ = {isa = PBXFileReference; fileEncoding = 4; lastKnownFileType = sourcecode.cpp.objcpp; path = MEGAChatError.mm; sourceTree = "<group>"; };
		A82750BC1E9788A3007CD9E2 /* MEGAChatListItem.h */ = {isa = PBXFileReference; fileEncoding = 4; lastKnownFileType = sourcecode.c.h; path = MEGAChatListItem.h; sourceTree = "<group>"; };
		A82750BD1E9788A3007CD9E2 /* MEGAChatListItem.mm */ = {isa = PBXFileReference; fileEncoding = 4; lastKnownFileType = sourcecode.cpp.objcpp; path = MEGAChatListItem.mm; sourceTree = "<group>"; };
		A82750BE1E9788A3007CD9E2 /* MEGAChatListItemList.h */ = {isa = PBXFileReference; fileEncoding = 4; lastKnownFileType = sourcecode.c.h; path = MEGAChatListItemList.h; sourceTree = "<group>"; };
		A82750BF1E9788A3007CD9E2 /* MEGAChatListItemList.mm */ = {isa = PBXFileReference; fileEncoding = 4; lastKnownFileType = sourcecode.cpp.objcpp; path = MEGAChatListItemList.mm; sourceTree = "<group>"; };
		A82750C01E9788A3007CD9E2 /* MEGAChatLoggerDelegate.h */ = {isa = PBXFileReference; fileEncoding = 4; lastKnownFileType = sourcecode.c.h; path = MEGAChatLoggerDelegate.h; sourceTree = "<group>"; };
		A82750C11E9788A3007CD9E2 /* MEGAChatMessage.h */ = {isa = PBXFileReference; fileEncoding = 4; lastKnownFileType = sourcecode.c.h; path = MEGAChatMessage.h; sourceTree = "<group>"; };
		A82750C21E9788A3007CD9E2 /* MEGAChatMessage.mm */ = {isa = PBXFileReference; fileEncoding = 4; lastKnownFileType = sourcecode.cpp.objcpp; path = MEGAChatMessage.mm; sourceTree = "<group>"; };
		A82750C31E9788A3007CD9E2 /* MEGAChatPeerList.h */ = {isa = PBXFileReference; fileEncoding = 4; lastKnownFileType = sourcecode.c.h; path = MEGAChatPeerList.h; sourceTree = "<group>"; };
		A82750C41E9788A3007CD9E2 /* MEGAChatPeerList.mm */ = {isa = PBXFileReference; fileEncoding = 4; lastKnownFileType = sourcecode.cpp.objcpp; path = MEGAChatPeerList.mm; sourceTree = "<group>"; };
		A82750C51E9788A3007CD9E2 /* MEGAChatPresenceConfig.h */ = {isa = PBXFileReference; fileEncoding = 4; lastKnownFileType = sourcecode.c.h; path = MEGAChatPresenceConfig.h; sourceTree = "<group>"; };
		A82750C61E9788A3007CD9E2 /* MEGAChatPresenceConfig.mm */ = {isa = PBXFileReference; fileEncoding = 4; lastKnownFileType = sourcecode.cpp.objcpp; path = MEGAChatPresenceConfig.mm; sourceTree = "<group>"; };
		A82750C71E9788A3007CD9E2 /* MEGAChatRequest.h */ = {isa = PBXFileReference; fileEncoding = 4; lastKnownFileType = sourcecode.c.h; path = MEGAChatRequest.h; sourceTree = "<group>"; };
		A82750C81E9788A3007CD9E2 /* MEGAChatRequest.mm */ = {isa = PBXFileReference; fileEncoding = 4; lastKnownFileType = sourcecode.cpp.objcpp; path = MEGAChatRequest.mm; sourceTree = "<group>"; };
		A82750C91E9788A3007CD9E2 /* MEGAChatRequestDelegate.h */ = {isa = PBXFileReference; fileEncoding = 4; lastKnownFileType = sourcecode.c.h; path = MEGAChatRequestDelegate.h; sourceTree = "<group>"; };
		A82750CA1E9788A3007CD9E2 /* MEGAChatRoom.h */ = {isa = PBXFileReference; fileEncoding = 4; lastKnownFileType = sourcecode.c.h; path = MEGAChatRoom.h; sourceTree = "<group>"; };
		A82750CB1E9788A3007CD9E2 /* MEGAChatRoom.mm */ = {isa = PBXFileReference; fileEncoding = 4; lastKnownFileType = sourcecode.cpp.objcpp; path = MEGAChatRoom.mm; sourceTree = "<group>"; };
		A82750CC1E9788A3007CD9E2 /* MEGAChatRoomDelegate.h */ = {isa = PBXFileReference; fileEncoding = 4; lastKnownFileType = sourcecode.c.h; path = MEGAChatRoomDelegate.h; sourceTree = "<group>"; };
		A82750CD1E9788A3007CD9E2 /* MEGAChatRoomList.h */ = {isa = PBXFileReference; fileEncoding = 4; lastKnownFileType = sourcecode.c.h; path = MEGAChatRoomList.h; sourceTree = "<group>"; };
		A82750CE1E9788A3007CD9E2 /* MEGAChatRoomList.mm */ = {isa = PBXFileReference; fileEncoding = 4; lastKnownFileType = sourcecode.cpp.objcpp; path = MEGAChatRoomList.mm; sourceTree = "<group>"; };
		A82750CF1E9788A3007CD9E2 /* MEGAChatSdk.h */ = {isa = PBXFileReference; fileEncoding = 4; lastKnownFileType = sourcecode.c.h; path = MEGAChatSdk.h; sourceTree = "<group>"; };
		A82750D01E9788A3007CD9E2 /* MEGAChatSdk.mm */ = {isa = PBXFileReference; fileEncoding = 4; lastKnownFileType = sourcecode.cpp.objcpp; path = MEGAChatSdk.mm; sourceTree = "<group>"; };
		A82750DC1E9788D8007CD9E2 /* DelegateMEGAChatListener.h */ = {isa = PBXFileReference; fileEncoding = 4; lastKnownFileType = sourcecode.c.h; name = DelegateMEGAChatListener.h; path = Private/DelegateMEGAChatListener.h; sourceTree = "<group>"; };
		A82750DD1E9788D8007CD9E2 /* DelegateMEGAChatListener.mm */ = {isa = PBXFileReference; fileEncoding = 4; lastKnownFileType = sourcecode.cpp.objcpp; name = DelegateMEGAChatListener.mm; path = Private/DelegateMEGAChatListener.mm; sourceTree = "<group>"; };
		A82750DE1E9788D8007CD9E2 /* DelegateMEGAChatLoggerListener.h */ = {isa = PBXFileReference; fileEncoding = 4; lastKnownFileType = sourcecode.c.h; name = DelegateMEGAChatLoggerListener.h; path = Private/DelegateMEGAChatLoggerListener.h; sourceTree = "<group>"; };
		A82750DF1E9788D8007CD9E2 /* DelegateMEGAChatLoggerListener.mm */ = {isa = PBXFileReference; fileEncoding = 4; lastKnownFileType = sourcecode.cpp.objcpp; name = DelegateMEGAChatLoggerListener.mm; path = Private/DelegateMEGAChatLoggerListener.mm; sourceTree = "<group>"; };
		A82750E01E9788D8007CD9E2 /* DelegateMEGAChatRequestListener.h */ = {isa = PBXFileReference; fileEncoding = 4; lastKnownFileType = sourcecode.c.h; name = DelegateMEGAChatRequestListener.h; path = Private/DelegateMEGAChatRequestListener.h; sourceTree = "<group>"; };
		A82750E11E9788D8007CD9E2 /* DelegateMEGAChatRequestListener.mm */ = {isa = PBXFileReference; fileEncoding = 4; lastKnownFileType = sourcecode.cpp.objcpp; name = DelegateMEGAChatRequestListener.mm; path = Private/DelegateMEGAChatRequestListener.mm; sourceTree = "<group>"; };
		A82750E21E9788D8007CD9E2 /* DelegateMEGAChatRoomListener.h */ = {isa = PBXFileReference; fileEncoding = 4; lastKnownFileType = sourcecode.c.h; name = DelegateMEGAChatRoomListener.h; path = Private/DelegateMEGAChatRoomListener.h; sourceTree = "<group>"; };
		A82750E31E9788D8007CD9E2 /* DelegateMEGAChatRoomListener.mm */ = {isa = PBXFileReference; fileEncoding = 4; lastKnownFileType = sourcecode.cpp.objcpp; name = DelegateMEGAChatRoomListener.mm; path = Private/DelegateMEGAChatRoomListener.mm; sourceTree = "<group>"; };
		A82750E41E9788D8007CD9E2 /* MEGAChatError+init.h */ = {isa = PBXFileReference; fileEncoding = 4; lastKnownFileType = sourcecode.c.h; name = "MEGAChatError+init.h"; path = "Private/MEGAChatError+init.h"; sourceTree = "<group>"; };
		A82750E51E9788D8007CD9E2 /* MEGAChatListItem+init.h */ = {isa = PBXFileReference; fileEncoding = 4; lastKnownFileType = sourcecode.c.h; name = "MEGAChatListItem+init.h"; path = "Private/MEGAChatListItem+init.h"; sourceTree = "<group>"; };
		A82750E61E9788D8007CD9E2 /* MEGAChatListItemList+init.h */ = {isa = PBXFileReference; fileEncoding = 4; lastKnownFileType = sourcecode.c.h; name = "MEGAChatListItemList+init.h"; path = "Private/MEGAChatListItemList+init.h"; sourceTree = "<group>"; };
		A82750E71E9788D8007CD9E2 /* MEGAChatMessage+init.h */ = {isa = PBXFileReference; fileEncoding = 4; lastKnownFileType = sourcecode.c.h; name = "MEGAChatMessage+init.h"; path = "Private/MEGAChatMessage+init.h"; sourceTree = "<group>"; };
		A82750E81E9788D8007CD9E2 /* MEGAChatPeerList+init.h */ = {isa = PBXFileReference; fileEncoding = 4; lastKnownFileType = sourcecode.c.h; name = "MEGAChatPeerList+init.h"; path = "Private/MEGAChatPeerList+init.h"; sourceTree = "<group>"; };
		A82750E91E9788D8007CD9E2 /* MEGAChatPresenceConfig+init.h */ = {isa = PBXFileReference; fileEncoding = 4; lastKnownFileType = sourcecode.c.h; name = "MEGAChatPresenceConfig+init.h"; path = "Private/MEGAChatPresenceConfig+init.h"; sourceTree = "<group>"; };
		A82750EA1E9788D8007CD9E2 /* MEGAChatRequest+init.h */ = {isa = PBXFileReference; fileEncoding = 4; lastKnownFileType = sourcecode.c.h; name = "MEGAChatRequest+init.h"; path = "Private/MEGAChatRequest+init.h"; sourceTree = "<group>"; };
		A82750EB1E9788D8007CD9E2 /* MEGAChatRoom+init.h */ = {isa = PBXFileReference; fileEncoding = 4; lastKnownFileType = sourcecode.c.h; name = "MEGAChatRoom+init.h"; path = "Private/MEGAChatRoom+init.h"; sourceTree = "<group>"; };
		A82750EC1E9788D8007CD9E2 /* MEGAChatRoomList+init.h */ = {isa = PBXFileReference; fileEncoding = 4; lastKnownFileType = sourcecode.c.h; name = "MEGAChatRoomList+init.h"; path = "Private/MEGAChatRoomList+init.h"; sourceTree = "<group>"; };
		A82750ED1E9788D8007CD9E2 /* MEGAChatSdk+init.h */ = {isa = PBXFileReference; fileEncoding = 4; lastKnownFileType = sourcecode.c.h; name = "MEGAChatSdk+init.h"; path = "Private/MEGAChatSdk+init.h"; sourceTree = "<group>"; };
		A835A8A91F979CDC0075646F /* MEGAChatCall.h */ = {isa = PBXFileReference; lastKnownFileType = sourcecode.c.h; path = MEGAChatCall.h; sourceTree = "<group>"; };
		A835A8AA1F979CDC0075646F /* MEGAChatCall.mm */ = {isa = PBXFileReference; lastKnownFileType = sourcecode.cpp.objcpp; path = MEGAChatCall.mm; sourceTree = "<group>"; };
		A835A8AC1F979EE30075646F /* MEGAChatCall+init.h */ = {isa = PBXFileReference; lastKnownFileType = sourcecode.c.h; name = "MEGAChatCall+init.h"; path = "Private/MEGAChatCall+init.h"; sourceTree = "<group>"; };
		A835A8AF1F97A03B0075646F /* MEGAChatVideoDelegate.h */ = {isa = PBXFileReference; lastKnownFileType = sourcecode.c.h; path = MEGAChatVideoDelegate.h; sourceTree = "<group>"; };
		A835A8B01F97A13D0075646F /* MEGAChatCallDelegate.h */ = {isa = PBXFileReference; lastKnownFileType = sourcecode.c.h; path = MEGAChatCallDelegate.h; sourceTree = "<group>"; };
		A835A8B11F97A74B0075646F /* DelegateMEGAChatCallListener.h */ = {isa = PBXFileReference; lastKnownFileType = sourcecode.c.h; name = DelegateMEGAChatCallListener.h; path = Private/DelegateMEGAChatCallListener.h; sourceTree = "<group>"; };
		A835A8B21F97A74B0075646F /* DelegateMEGAChatCallListener.mm */ = {isa = PBXFileReference; lastKnownFileType = sourcecode.cpp.objcpp; name = DelegateMEGAChatCallListener.mm; path = Private/DelegateMEGAChatCallListener.mm; sourceTree = "<group>"; };
		A835A8B41F97AE240075646F /* DelegateMEGAChatVideoListener.h */ = {isa = PBXFileReference; lastKnownFileType = sourcecode.c.h; name = DelegateMEGAChatVideoListener.h; path = Private/DelegateMEGAChatVideoListener.h; sourceTree = "<group>"; };
		A835A8B51F97AE240075646F /* DelegateMEGAChatVideoListener.mm */ = {isa = PBXFileReference; lastKnownFileType = sourcecode.cpp.objcpp; name = DelegateMEGAChatVideoListener.mm; path = Private/DelegateMEGAChatVideoListener.mm; sourceTree = "<group>"; };
		A837387A213018CB0014328D /* MEGAChatNotificationDelegate.h */ = {isa = PBXFileReference; lastKnownFileType = sourcecode.c.h; path = MEGAChatNotificationDelegate.h; sourceTree = "<group>"; };
		A837387E213019CA0014328D /* DelegateMEGAChatNotificationListener.mm */ = {isa = PBXFileReference; lastKnownFileType = sourcecode.cpp.objcpp; name = DelegateMEGAChatNotificationListener.mm; path = Private/DelegateMEGAChatNotificationListener.mm; sourceTree = "<group>"; };
		A837387F213019CA0014328D /* DelegateMEGAChatNotificationListener.h */ = {isa = PBXFileReference; lastKnownFileType = sourcecode.c.h; name = DelegateMEGAChatNotificationListener.h; path = Private/DelegateMEGAChatNotificationListener.h; sourceTree = "<group>"; };
		A838B1F81E96855400875D96 /* libKarere.a */ = {isa = PBXFileReference; explicitFileType = archive.ar; includeInIndex = 0; path = libKarere.a; sourceTree = BUILT_PRODUCTS_DIR; };
		A838B2051E9685A200875D96 /* logger.cpp */ = {isa = PBXFileReference; fileEncoding = 4; lastKnownFileType = sourcecode.cpp.cpp; name = logger.cpp; path = ../../src/base/logger.cpp; sourceTree = "<group>"; };
		A838B2201E9685F000875D96 /* strongvelope.cpp */ = {isa = PBXFileReference; fileEncoding = 4; lastKnownFileType = sourcecode.cpp.cpp; name = strongvelope.cpp; path = ../../src/strongvelope/strongvelope.cpp; sourceTree = "<group>"; };
		A83D5BF11F974AF900A038F7 /* rtcStats.cpp */ = {isa = PBXFileReference; fileEncoding = 4; lastKnownFileType = sourcecode.cpp.cpp; name = rtcStats.cpp; path = ../rtcModule/rtcStats.cpp; sourceTree = "<group>"; };
		A83D5BF21F974AF900A038F7 /* webrtc.cpp */ = {isa = PBXFileReference; fileEncoding = 4; lastKnownFileType = sourcecode.cpp.cpp; name = webrtc.cpp; path = ../rtcModule/webrtc.cpp; sourceTree = "<group>"; };
		A83D5BF31F974AF900A038F7 /* webrtcAdapter.cpp */ = {isa = PBXFileReference; fileEncoding = 4; lastKnownFileType = sourcecode.cpp.cpp; name = webrtcAdapter.cpp; path = ../rtcModule/webrtcAdapter.cpp; sourceTree = "<group>"; };
		A879F3B11F966681007C5394 /* libwebsocketsIO.cpp */ = {isa = PBXFileReference; fileEncoding = 4; lastKnownFileType = sourcecode.cpp.cpp; path = libwebsocketsIO.cpp; sourceTree = "<group>"; };
		A879F3B51F9667F5007C5394 /* karereDbSchema.cpp */ = {isa = PBXFileReference; lastKnownFileType = sourcecode.cpp.cpp; path = karereDbSchema.cpp; sourceTree = "<group>"; };
		A879F3B71F966838007C5394 /* base64url.cpp */ = {isa = PBXFileReference; lastKnownFileType = sourcecode.cpp.cpp; path = base64url.cpp; sourceTree = "<group>"; };
		A879F3B81F966839007C5394 /* karereCommon.cpp */ = {isa = PBXFileReference; lastKnownFileType = sourcecode.cpp.cpp; path = karereCommon.cpp; sourceTree = "<group>"; };
		A879F3B91F966839007C5394 /* presenced.cpp */ = {isa = PBXFileReference; lastKnownFileType = sourcecode.cpp.cpp; path = presenced.cpp; sourceTree = "<group>"; };
		A879F3BA1F966839007C5394 /* url.cpp */ = {isa = PBXFileReference; lastKnownFileType = sourcecode.cpp.cpp; path = url.cpp; sourceTree = "<group>"; };
		A879F3BB1F966839007C5394 /* userAttrCache.cpp */ = {isa = PBXFileReference; lastKnownFileType = sourcecode.cpp.cpp; path = userAttrCache.cpp; sourceTree = "<group>"; };
		A879F3BC1F966839007C5394 /* chatd.cpp */ = {isa = PBXFileReference; lastKnownFileType = sourcecode.cpp.cpp; path = chatd.cpp; sourceTree = "<group>"; };
		A879F3BD1F966839007C5394 /* chatClient.cpp */ = {isa = PBXFileReference; lastKnownFileType = sourcecode.cpp.cpp; path = chatClient.cpp; sourceTree = "<group>"; };
		A879F3BE1F96683A007C5394 /* megachatapi.cpp */ = {isa = PBXFileReference; lastKnownFileType = sourcecode.cpp.cpp; path = megachatapi.cpp; sourceTree = "<group>"; };
		A879F3BF1F96683A007C5394 /* megachatapi_impl.cpp */ = {isa = PBXFileReference; lastKnownFileType = sourcecode.cpp.cpp; path = megachatapi_impl.cpp; sourceTree = "<group>"; };
		A879F3C91F96685D007C5394 /* libuvWaiter.cpp */ = {isa = PBXFileReference; fileEncoding = 4; lastKnownFileType = sourcecode.cpp.cpp; path = libuvWaiter.cpp; sourceTree = "<group>"; };
		A879F3D81F966D8E007C5394 /* rtcCrypto.cpp */ = {isa = PBXFileReference; lastKnownFileType = sourcecode.cpp.cpp; path = rtcCrypto.cpp; sourceTree = "<group>"; };
		A8AA1BF62195B11B00E15B60 /* MEGAChatNodeHistoryDelegate.h */ = {isa = PBXFileReference; lastKnownFileType = sourcecode.c.h; path = MEGAChatNodeHistoryDelegate.h; sourceTree = "<group>"; };
		A8AA1BF72195B21800E15B60 /* DelegateMEGAChatNodeHistoryListener.h */ = {isa = PBXFileReference; lastKnownFileType = sourcecode.c.h; name = DelegateMEGAChatNodeHistoryListener.h; path = Private/DelegateMEGAChatNodeHistoryListener.h; sourceTree = "<group>"; };
		A8AA1BF82195B21800E15B60 /* DelegateMEGAChatNodeHistoryListener.mm */ = {isa = PBXFileReference; lastKnownFileType = sourcecode.cpp.objcpp; name = DelegateMEGAChatNodeHistoryListener.mm; path = Private/DelegateMEGAChatNodeHistoryListener.mm; sourceTree = "<group>"; };
		A8F96C18219DE3A2005A3EB6 /* MEGAChatGeolocation.h */ = {isa = PBXFileReference; lastKnownFileType = sourcecode.c.h; path = MEGAChatGeolocation.h; sourceTree = "<group>"; };
		A8F96C19219DE3A2005A3EB6 /* MEGAChatGeolocation.mm */ = {isa = PBXFileReference; lastKnownFileType = sourcecode.cpp.objcpp; path = MEGAChatGeolocation.mm; sourceTree = "<group>"; };
/* End PBXFileReference section */

/* Begin PBXFrameworksBuildPhase section */
		A838B1F51E96855400875D96 /* Frameworks */ = {
			isa = PBXFrameworksBuildPhase;
			buildActionMask = 2147483647;
			files = (
			);
			runOnlyForDeploymentPostprocessing = 0;
		};
/* End PBXFrameworksBuildPhase section */

/* Begin PBXGroup section */
		941977271F16377400A76EE3 /* net */ = {
			isa = PBXGroup;
			children = (
				A879F3B11F966681007C5394 /* libwebsocketsIO.cpp */,
				941977321F163DDE00A76EE3 /* websocketsIO.cpp */,
			);
			path = net;
			sourceTree = "<group>";
		};
		941977311F163CEB00A76EE3 /* waiter */ = {
			isa = PBXGroup;
			children = (
				A879F3C91F96685D007C5394 /* libuvWaiter.cpp */,
			);
			path = waiter;
			sourceTree = "<group>";
		};
		947565EF1F18D4BF00FE8664 /* include */ = {
			isa = PBXGroup;
			children = (
				947566391F18D59C00FE8664 /* net */,
				947566381F18D58F00FE8664 /* waiter */,
				947566371F18D58500FE8664 /* strongvelope */,
				947566281F18D56B00FE8664 /* base */,
				947566151F18D52700FE8664 /* rtcModule */,
				947565F01F18D4E900FE8664 /* asyncTest-framework.h */,
				947565F11F18D4E900FE8664 /* asyncTest.h */,
				947565F21F18D4E900FE8664 /* autoHandle.h */,
				947565F31F18D4E900FE8664 /* base64url.h */,
				947565F41F18D4E900FE8664 /* buffer.h */,
				947565F51F18D4E900FE8664 /* chatClient.h */,
				947565F61F18D4E900FE8664 /* chatCommon.h */,
				947565F71F18D4E900FE8664 /* chatd.h */,
				947565F81F18D4E900FE8664 /* chatdDb.h */,
				947565F91F18D4E900FE8664 /* chatdICrypto.h */,
				947565FA1F18D4E900FE8664 /* chatdMsg.h */,
				947565FD1F18D4E900FE8664 /* db.h */,
				947565FE1F18D4E900FE8664 /* dummyCrypto.h */,
				947565FF1F18D4E900FE8664 /* IGui.h */,
				947566001F18D4E900FE8664 /* karereCommon.h */,
				947566011F18D4E900FE8664 /* karereId.h */,
				947566021F18D4E900FE8664 /* megachatapi_impl.h */,
				947566031F18D4E900FE8664 /* megachatapi.h */,
				947566051F18D4E900FE8664 /* messageBus.h */,
				947566061F18D4E900FE8664 /* presenced.h */,
				947566071F18D4E900FE8664 /* sdkApi.h */,
				947566081F18D4E900FE8664 /* serverListProvider.h */,
				9475660A1F18D4E900FE8664 /* stringUtils.h */,
				9475660E1F18D4E900FE8664 /* url.h */,
				9475660F1F18D4E900FE8664 /* userAttrCache.h */,
				947566101F18D4E900FE8664 /* videoRenderer_objc.h */,
				947566111F18D4E900FE8664 /* videoRenderer_Qt.h */,
			);
			name = include;
			sourceTree = "<group>";
		};
		947566151F18D52700FE8664 /* rtcModule */ = {
			isa = PBXGroup;
			children = (
				947566171F18D53D00FE8664 /* IDeviceListImpl.h */,
				9475661A1F18D53D00FE8664 /* IRtcStats.h */,
				9475661B1F18D53D00FE8664 /* ITypes.h */,
				9475661C1F18D53D00FE8664 /* ITypesImpl.h */,
				9475661D1F18D53D00FE8664 /* IVideoRenderer.h */,
				947566201F18D53D00FE8664 /* rtcmPrivate.h */,
				947566211F18D53D00FE8664 /* rtcStats.h */,
				947566221F18D53D00FE8664 /* streamPlayer.h */,
				947566261F18D53D00FE8664 /* webrtcAdapter.h */,
				947566271F18D53D00FE8664 /* webrtcAsyncWaiter.h */,
			);
			name = rtcModule;
			sourceTree = "<group>";
		};
		947566281F18D56B00FE8664 /* base */ = {
			isa = PBXGroup;
			children = (
				947566291F18D57F00FE8664 /* asyncTools.h */,
				9475662B1F18D57F00FE8664 /* cservices-thread.h */,
				9475662C1F18D57F00FE8664 /* cservices.h */,
				9475662D1F18D57F00FE8664 /* gcm.h */,
				9475662E1F18D57F00FE8664 /* gcmpp.h */,
				9475662F1F18D57F00FE8664 /* logger.h */,
				947566301F18D57F00FE8664 /* loggerChannelConfig.h */,
				947566311F18D57F00FE8664 /* loggerConsole.h */,
				947566321F18D57F00FE8664 /* loggerFile.h */,
				947566331F18D57F00FE8664 /* promise.h */,
				947566341F18D57F00FE8664 /* retryHandler.h */,
				947566351F18D57F00FE8664 /* services.h */,
				947566361F18D57F00FE8664 /* trackDelete.h */,
			);
			name = base;
			sourceTree = "<group>";
		};
		947566371F18D58500FE8664 /* strongvelope */ = {
			isa = PBXGroup;
			children = (
				9475663A1F18D5CF00FE8664 /* cryptofunctions.h */,
				9475663B1F18D5CF00FE8664 /* strongvelope.h */,
				9475663C1F18D5CF00FE8664 /* tlvstore.h */,
			);
			name = strongvelope;
			sourceTree = "<group>";
		};
		947566381F18D58F00FE8664 /* waiter */ = {
			isa = PBXGroup;
			children = (
				947566441F197C0A00FE8664 /* libuvWaiter.h */,
			);
			name = waiter;
			sourceTree = "<group>";
		};
		947566391F18D59C00FE8664 /* net */ = {
			isa = PBXGroup;
			children = (
				9475663D1F18D60300FE8664 /* libwebsocketsIO.h */,
				9475663E1F18D60300FE8664 /* libwsIO.h */,
				9475663F1F18D60300FE8664 /* websocketsIO.h */,
			);
			name = net;
			sourceTree = "<group>";
		};
		A82750F21E9788E5007CD9E2 /* private */ = {
			isa = PBXGroup;
			children = (
				8394CFA02119F3E700A1634A /* MEGAChatSession+init.h */,
				A82750DC1E9788D8007CD9E2 /* DelegateMEGAChatListener.h */,
				A82750DD1E9788D8007CD9E2 /* DelegateMEGAChatListener.mm */,
				A82750DE1E9788D8007CD9E2 /* DelegateMEGAChatLoggerListener.h */,
				A82750DF1E9788D8007CD9E2 /* DelegateMEGAChatLoggerListener.mm */,
				A82750E01E9788D8007CD9E2 /* DelegateMEGAChatRequestListener.h */,
				A82750E11E9788D8007CD9E2 /* DelegateMEGAChatRequestListener.mm */,
				A82750E21E9788D8007CD9E2 /* DelegateMEGAChatRoomListener.h */,
				A82750E31E9788D8007CD9E2 /* DelegateMEGAChatRoomListener.mm */,
				A835A8B11F97A74B0075646F /* DelegateMEGAChatCallListener.h */,
				A835A8B21F97A74B0075646F /* DelegateMEGAChatCallListener.mm */,
				A835A8B41F97AE240075646F /* DelegateMEGAChatVideoListener.h */,
				A835A8B51F97AE240075646F /* DelegateMEGAChatVideoListener.mm */,
				A82750E41E9788D8007CD9E2 /* MEGAChatError+init.h */,
				A82750E51E9788D8007CD9E2 /* MEGAChatListItem+init.h */,
				A82750E61E9788D8007CD9E2 /* MEGAChatListItemList+init.h */,
				A82750E71E9788D8007CD9E2 /* MEGAChatMessage+init.h */,
				A82750E81E9788D8007CD9E2 /* MEGAChatPeerList+init.h */,
				A82750E91E9788D8007CD9E2 /* MEGAChatPresenceConfig+init.h */,
				A82750EA1E9788D8007CD9E2 /* MEGAChatRequest+init.h */,
				A82750EB1E9788D8007CD9E2 /* MEGAChatRoom+init.h */,
				A82750EC1E9788D8007CD9E2 /* MEGAChatRoomList+init.h */,
				A82750ED1E9788D8007CD9E2 /* MEGAChatSdk+init.h */,
				A835A8AC1F979EE30075646F /* MEGAChatCall+init.h */,
				77875CDE2099A6AF00B8340F /* MEGAChatContainsMeta+init.h */,
				77875CDF2099A8E300B8340F /* MEGAChatRichPreview+init.h */,
				A837387F213019CA0014328D /* DelegateMEGAChatNotificationListener.h */,
				A837387E213019CA0014328D /* DelegateMEGAChatNotificationListener.mm */,
				A8AA1BF72195B21800E15B60 /* DelegateMEGAChatNodeHistoryListener.h */,
				A8AA1BF82195B21800E15B60 /* DelegateMEGAChatNodeHistoryListener.mm */,
				A819DE8D219EE12E00EA9C22 /* MEGAChatGeolocation+init.h */,
			);
			name = private;
			sourceTree = "<group>";
		};
		A82750F31E978908007CD9E2 /* binding */ = {
			isa = PBXGroup;
			children = (
				A82750F21E9788E5007CD9E2 /* private */,
				A82750B91E9788A3007CD9E2 /* MEGAChatDelegate.h */,
				A82750BA1E9788A3007CD9E2 /* MEGAChatError.h */,
				A82750BB1E9788A3007CD9E2 /* MEGAChatError.mm */,
				A82750BC1E9788A3007CD9E2 /* MEGAChatListItem.h */,
				A82750BD1E9788A3007CD9E2 /* MEGAChatListItem.mm */,
				A82750BE1E9788A3007CD9E2 /* MEGAChatListItemList.h */,
				A82750BF1E9788A3007CD9E2 /* MEGAChatListItemList.mm */,
				A82750C01E9788A3007CD9E2 /* MEGAChatLoggerDelegate.h */,
				A82750C11E9788A3007CD9E2 /* MEGAChatMessage.h */,
				A82750C21E9788A3007CD9E2 /* MEGAChatMessage.mm */,
				A82750C31E9788A3007CD9E2 /* MEGAChatPeerList.h */,
				A82750C41E9788A3007CD9E2 /* MEGAChatPeerList.mm */,
				A82750C51E9788A3007CD9E2 /* MEGAChatPresenceConfig.h */,
				A82750C61E9788A3007CD9E2 /* MEGAChatPresenceConfig.mm */,
				A82750C71E9788A3007CD9E2 /* MEGAChatRequest.h */,
				A82750C81E9788A3007CD9E2 /* MEGAChatRequest.mm */,
				A82750C91E9788A3007CD9E2 /* MEGAChatRequestDelegate.h */,
				A82750CA1E9788A3007CD9E2 /* MEGAChatRoom.h */,
				A82750CB1E9788A3007CD9E2 /* MEGAChatRoom.mm */,
				A82750CC1E9788A3007CD9E2 /* MEGAChatRoomDelegate.h */,
				A82750CD1E9788A3007CD9E2 /* MEGAChatRoomList.h */,
				A82750CE1E9788A3007CD9E2 /* MEGAChatRoomList.mm */,
				A82750CF1E9788A3007CD9E2 /* MEGAChatSdk.h */,
				A82750D01E9788A3007CD9E2 /* MEGAChatSdk.mm */,
				A835A8A91F979CDC0075646F /* MEGAChatCall.h */,
				A835A8AA1F979CDC0075646F /* MEGAChatCall.mm */,
				A835A8AF1F97A03B0075646F /* MEGAChatVideoDelegate.h */,
				A835A8B01F97A13D0075646F /* MEGAChatCallDelegate.h */,
				77875CD82097A69400B8340F /* MEGAChatContainsMeta.h */,
				77875CD92097A69400B8340F /* MEGAChatContainsMeta.mm */,
				77875CDB2097A80700B8340F /* MEGAChatRichPreview.h */,
                77875CDC2097A80700B8340F /* MEGAChatRichPreview.mm */,
				A837387A213018CB0014328D /* MEGAChatNotificationDelegate.h */,
                8394CF9C211992A200A1634A /* MEGAChatSession.h */,
                8394CF9D211992A200A1634A /* MEGAChatSession.mm */,
				A8AA1BF62195B11B00E15B60 /* MEGAChatNodeHistoryDelegate.h */,
				A8F96C18219DE3A2005A3EB6 /* MEGAChatGeolocation.h */,
				A8F96C19219DE3A2005A3EB6 /* MEGAChatGeolocation.mm */,
			);
			name = binding;
			sourceTree = "<group>";
		};
		A838B1ED1E96850700875D96 = {
			isa = PBXGroup;
			children = (
				947565EF1F18D4BF00FE8664 /* include */,
				A82750F31E978908007CD9E2 /* binding */,
				A838B20D1E9685AD00875D96 /* src */,
				A838B1F91E96855400875D96 /* Products */,
				A838B2261E96884A00875D96 /* Frameworks */,
			);
			sourceTree = "<group>";
		};
		A838B1F91E96855400875D96 /* Products */ = {
			isa = PBXGroup;
			children = (
				A838B1F81E96855400875D96 /* libKarere.a */,
			);
			name = Products;
			sourceTree = "<group>";
		};
		A838B20C1E9685A600875D96 /* base */ = {
			isa = PBXGroup;
			children = (
				947566551F3397AE00FE8664 /* cservices.cpp */,
				947565EE1F168CB400FE8664 /* timers.hpp */,
				A838B2051E9685A200875D96 /* logger.cpp */,
			);
			path = base;
			sourceTree = "<group>";
		};
		A838B20D1E9685AD00875D96 /* src */ = {
			isa = PBXGroup;
			children = (
				A83D5BF01F974AC200A038F7 /* rtcModule */,
				941977311F163CEB00A76EE3 /* waiter */,
				941977271F16377400A76EE3 /* net */,
				A879F3B51F9667F5007C5394 /* karereDbSchema.cpp */,
				A838B2221E9685F300875D96 /* strongvelope */,
				A879F3BD1F966839007C5394 /* chatClient.cpp */,
				A879F3BC1F966839007C5394 /* chatd.cpp */,
				A879F3BF1F96683A007C5394 /* megachatapi_impl.cpp */,
				A879F3BE1F96683A007C5394 /* megachatapi.cpp */,
				A879F3B71F966838007C5394 /* base64url.cpp */,
				A879F3B81F966839007C5394 /* karereCommon.cpp */,
				A879F3B91F966839007C5394 /* presenced.cpp */,
				A879F3D81F966D8E007C5394 /* rtcCrypto.cpp */,
				A879F3BA1F966839007C5394 /* url.cpp */,
				A879F3BB1F966839007C5394 /* userAttrCache.cpp */,
				A838B20C1E9685A600875D96 /* base */,
			);
			name = src;
			path = ../../src;
			sourceTree = "<group>";
		};
		A838B2221E9685F300875D96 /* strongvelope */ = {
			isa = PBXGroup;
			children = (
				A838B2201E9685F000875D96 /* strongvelope.cpp */,
			);
			path = strongvelope;
			sourceTree = "<group>";
		};
		A838B2261E96884A00875D96 /* Frameworks */ = {
			isa = PBXGroup;
			children = (
			);
			name = Frameworks;
			sourceTree = "<group>";
		};
		A83D5BF01F974AC200A038F7 /* rtcModule */ = {
			isa = PBXGroup;
			children = (
				A83D5BF11F974AF900A038F7 /* rtcStats.cpp */,
				A83D5BF21F974AF900A038F7 /* webrtc.cpp */,
				A83D5BF31F974AF900A038F7 /* webrtcAdapter.cpp */,
			);
			path = rtcModule;
			sourceTree = "<group>";
		};
/* End PBXGroup section */

/* Begin PBXNativeTarget section */
		A838B1F71E96855400875D96 /* Karere */ = {
			isa = PBXNativeTarget;
			buildConfigurationList = A838B2011E96855400875D96 /* Build configuration list for PBXNativeTarget "Karere" */;
			buildPhases = (
				A838B2231E96860900875D96 /* ShellScript */,
				A838B1F41E96855400875D96 /* Sources */,
				A838B1F51E96855400875D96 /* Frameworks */,
				A838B1F61E96855400875D96 /* CopyFiles */,
			);
			buildRules = (
			);
			dependencies = (
			);
			name = Karere;
			productName = Karere;
			productReference = A838B1F81E96855400875D96 /* libKarere.a */;
			productType = "com.apple.product-type.library.static";
		};
/* End PBXNativeTarget section */

/* Begin PBXProject section */
		A838B1EE1E96850700875D96 /* Project object */ = {
			isa = PBXProject;
			attributes = {
				LastUpgradeCheck = 0930;
				TargetAttributes = {
					A838B1F71E96855400875D96 = {
						CreatedOnToolsVersion = 8.3;
						DevelopmentTeam = T9RH74Y7L9;
						ProvisioningStyle = Automatic;
					};
				};
			};
			buildConfigurationList = A838B1F11E96850700875D96 /* Build configuration list for PBXProject "Karere" */;
			compatibilityVersion = "Xcode 3.2";
			developmentRegion = English;
			hasScannedForEncodings = 0;
			knownRegions = (
				en,
			);
			mainGroup = A838B1ED1E96850700875D96;
			productRefGroup = A838B1F91E96855400875D96 /* Products */;
			projectDirPath = "";
			projectRoot = "";
			targets = (
				A838B1F71E96855400875D96 /* Karere */,
			);
		};
/* End PBXProject section */

/* Begin PBXShellScriptBuildPhase section */
		A838B2231E96860900875D96 /* ShellScript */ = {
			isa = PBXShellScriptBuildPhase;
			buildActionMask = 2147483647;
			files = (
			);
			inputPaths = (
			);
			outputPaths = (
			);
			runOnlyForDeploymentPostprocessing = 0;
			shellPath = /bin/sh;
			shellScript = "cd ../../src\ncmake -P genDbSchema.cmake";
		};
/* End PBXShellScriptBuildPhase section */

/* Begin PBXSourcesBuildPhase section */
		A838B1F41E96855400875D96 /* Sources */ = {
			isa = PBXSourcesBuildPhase;
			buildActionMask = 2147483647;
			files = (
				A879F3C01F96683A007C5394 /* base64url.cpp in Sources */,
				77875CDA2097A69400B8340F /* MEGAChatContainsMeta.mm in Sources */,
				A82750F01E9788D8007CD9E2 /* DelegateMEGAChatRequestListener.mm in Sources */,
				A8AA1BF92195B21800E15B60 /* DelegateMEGAChatNodeHistoryListener.mm in Sources */,
				A8373880213019CA0014328D /* DelegateMEGAChatNotificationListener.mm in Sources */,
				77875CDD2097A80700B8340F /* MEGAChatRichPreview.mm in Sources */,
				A835A8AB1F979CDC0075646F /* MEGAChatCall.mm in Sources */,
				A879F3C21F96683A007C5394 /* presenced.cpp in Sources */,
				A82750EE1E9788D8007CD9E2 /* DelegateMEGAChatListener.mm in Sources */,
				A82750D81E9788A3007CD9E2 /* MEGAChatRequest.mm in Sources */,
				A8F96C1A219DE3A2005A3EB6 /* MEGAChatGeolocation.mm in Sources */,
				A82750DB1E9788A3007CD9E2 /* MEGAChatSdk.mm in Sources */,
				A83D5BF61F974AF900A038F7 /* webrtcAdapter.cpp in Sources */,
				A82750D91E9788A3007CD9E2 /* MEGAChatRoom.mm in Sources */,
				A82750D51E9788A3007CD9E2 /* MEGAChatMessage.mm in Sources */,
				941977341F163DDE00A76EE3 /* websocketsIO.cpp in Sources */,
				A879F3C71F96683A007C5394 /* megachatapi.cpp in Sources */,
				A82750D41E9788A3007CD9E2 /* MEGAChatListItemList.mm in Sources */,
				A82750DA1E9788A3007CD9E2 /* MEGAChatRoomList.mm in Sources */,
				A879F3CA1F96685E007C5394 /* libuvWaiter.cpp in Sources */,
				A879F3C31F96683A007C5394 /* url.cpp in Sources */,
				8394CF9E211992A200A1634A /* MEGAChatSession.mm in Sources */,
				A879F3C81F96683A007C5394 /* megachatapi_impl.cpp in Sources */,
				A82750D71E9788A3007CD9E2 /* MEGAChatPresenceConfig.mm in Sources */,
				A82750D61E9788A3007CD9E2 /* MEGAChatPeerList.mm in Sources */,
				A879F3C61F96683A007C5394 /* chatClient.cpp in Sources */,
				A835A8B61F97AE240075646F /* DelegateMEGAChatVideoListener.mm in Sources */,
				A879F3C41F96683A007C5394 /* userAttrCache.cpp in Sources */,
				A82750EF1E9788D8007CD9E2 /* DelegateMEGAChatLoggerListener.mm in Sources */,
				A879F3B21F966682007C5394 /* libwebsocketsIO.cpp in Sources */,
				A83D5BF41F974AF900A038F7 /* rtcStats.cpp in Sources */,
				A879F3C11F96683A007C5394 /* karereCommon.cpp in Sources */,
				A879F3B61F9667F5007C5394 /* karereDbSchema.cpp in Sources */,
				A838B20A1E9685A200875D96 /* logger.cpp in Sources */,
				A82750D31E9788A3007CD9E2 /* MEGAChatListItem.mm in Sources */,
				A835A8B31F97A74B0075646F /* DelegateMEGAChatCallListener.mm in Sources */,
				A879F3C51F96683A007C5394 /* chatd.cpp in Sources */,
				A82750D21E9788A3007CD9E2 /* MEGAChatError.mm in Sources */,
				A83D5BF51F974AF900A038F7 /* webrtc.cpp in Sources */,
				A82750F11E9788D8007CD9E2 /* DelegateMEGAChatRoomListener.mm in Sources */,
				A879F3D91F966D8E007C5394 /* rtcCrypto.cpp in Sources */,
				A838B2211E9685F000875D96 /* strongvelope.cpp in Sources */,
				947566561F3397AE00FE8664 /* cservices.cpp in Sources */,
			);
			runOnlyForDeploymentPostprocessing = 0;
		};
/* End PBXSourcesBuildPhase section */

/* Begin XCBuildConfiguration section */
		A838B1F21E96850700875D96 /* Debug */ = {
			isa = XCBuildConfiguration;
			buildSettings = {
				CLANG_WARN_BLOCK_CAPTURE_AUTORELEASING = YES;
				CLANG_WARN_BOOL_CONVERSION = YES;
				CLANG_WARN_COMMA = YES;
				CLANG_WARN_CONSTANT_CONVERSION = YES;
				CLANG_WARN_DEPRECATED_OBJC_IMPLEMENTATIONS = YES;
				CLANG_WARN_EMPTY_BODY = YES;
				CLANG_WARN_ENUM_CONVERSION = YES;
				CLANG_WARN_INFINITE_RECURSION = YES;
				CLANG_WARN_INT_CONVERSION = YES;
				CLANG_WARN_NON_LITERAL_NULL_CONVERSION = YES;
				CLANG_WARN_OBJC_IMPLICIT_RETAIN_SELF = YES;
				CLANG_WARN_OBJC_LITERAL_CONVERSION = YES;
				CLANG_WARN_RANGE_LOOP_ANALYSIS = YES;
				CLANG_WARN_STRICT_PROTOTYPES = YES;
				CLANG_WARN_SUSPICIOUS_MOVE = YES;
				CLANG_WARN_UNREACHABLE_CODE = YES;
				CLANG_WARN__DUPLICATE_METHOD_MATCH = YES;
				ENABLE_STRICT_OBJC_MSGSEND = YES;
				ENABLE_TESTABILITY = YES;
				GCC_NO_COMMON_BLOCKS = YES;
				GCC_WARN_64_TO_32_BIT_CONVERSION = YES;
				GCC_WARN_ABOUT_RETURN_TYPE = YES;
				GCC_WARN_UNDECLARED_SELECTOR = YES;
				GCC_WARN_UNINITIALIZED_AUTOS = YES;
				GCC_WARN_UNUSED_FUNCTION = YES;
				GCC_WARN_UNUSED_VARIABLE = YES;
				IPHONEOS_DEPLOYMENT_TARGET = 9.0;
				ONLY_ACTIVE_ARCH = YES;
				SDKROOT = iphoneos;
			};
			name = Debug;
		};
		A838B1F31E96850700875D96 /* Release */ = {
			isa = XCBuildConfiguration;
			buildSettings = {
				CLANG_WARN_BLOCK_CAPTURE_AUTORELEASING = YES;
				CLANG_WARN_BOOL_CONVERSION = YES;
				CLANG_WARN_COMMA = YES;
				CLANG_WARN_CONSTANT_CONVERSION = YES;
				CLANG_WARN_DEPRECATED_OBJC_IMPLEMENTATIONS = YES;
				CLANG_WARN_EMPTY_BODY = YES;
				CLANG_WARN_ENUM_CONVERSION = YES;
				CLANG_WARN_INFINITE_RECURSION = YES;
				CLANG_WARN_INT_CONVERSION = YES;
				CLANG_WARN_NON_LITERAL_NULL_CONVERSION = YES;
				CLANG_WARN_OBJC_IMPLICIT_RETAIN_SELF = YES;
				CLANG_WARN_OBJC_LITERAL_CONVERSION = YES;
				CLANG_WARN_RANGE_LOOP_ANALYSIS = YES;
				CLANG_WARN_STRICT_PROTOTYPES = YES;
				CLANG_WARN_SUSPICIOUS_MOVE = YES;
				CLANG_WARN_UNREACHABLE_CODE = YES;
				CLANG_WARN__DUPLICATE_METHOD_MATCH = YES;
				ENABLE_STRICT_OBJC_MSGSEND = YES;
				GCC_NO_COMMON_BLOCKS = YES;
				GCC_WARN_64_TO_32_BIT_CONVERSION = YES;
				GCC_WARN_ABOUT_RETURN_TYPE = YES;
				GCC_WARN_UNDECLARED_SELECTOR = YES;
				GCC_WARN_UNINITIALIZED_AUTOS = YES;
				GCC_WARN_UNUSED_FUNCTION = YES;
				GCC_WARN_UNUSED_VARIABLE = YES;
				IPHONEOS_DEPLOYMENT_TARGET = 9.0;
				SDKROOT = iphoneos;
			};
			name = Release;
		};
		A838B1FF1E96855400875D96 /* Debug */ = {
			isa = XCBuildConfiguration;
			buildSettings = {
				ALWAYS_SEARCH_USER_PATHS = NO;
				CLANG_ANALYZER_NONNULL = YES;
				CLANG_ANALYZER_NUMBER_OBJECT_CONVERSION = YES_AGGRESSIVE;
				CLANG_CXX_LANGUAGE_STANDARD = "gnu++0x";
				CLANG_CXX_LIBRARY = "libc++";
				CLANG_ENABLE_MODULES = YES;
				CLANG_ENABLE_OBJC_ARC = YES;
				CLANG_WARN_BOOL_CONVERSION = YES;
				CLANG_WARN_CONSTANT_CONVERSION = YES;
				CLANG_WARN_DIRECT_OBJC_ISA_USAGE = YES_ERROR;
				CLANG_WARN_DOCUMENTATION_COMMENTS = YES;
				CLANG_WARN_EMPTY_BODY = YES;
				CLANG_WARN_ENUM_CONVERSION = YES;
				CLANG_WARN_INFINITE_RECURSION = YES;
				CLANG_WARN_INT_CONVERSION = YES;
				CLANG_WARN_OBJC_ROOT_CLASS = YES_ERROR;
				CLANG_WARN_SUSPICIOUS_MOVE = YES;
				CLANG_WARN_UNREACHABLE_CODE = YES;
				CLANG_WARN__DUPLICATE_METHOD_MATCH = YES;
				"CODE_SIGN_IDENTITY[sdk=iphoneos*]" = "iPhone Developer";
				COPY_PHASE_STRIP = NO;
				DEBUG_INFORMATION_FORMAT = dwarf;
				DEVELOPMENT_TEAM = T9RH74Y7L9;
				ENABLE_STRICT_OBJC_MSGSEND = YES;
				ENABLE_TESTABILITY = YES;
				GCC_C_LANGUAGE_STANDARD = gnu99;
				GCC_DYNAMIC_NO_PIC = NO;
				GCC_NO_COMMON_BLOCKS = YES;
				GCC_OPTIMIZATION_LEVEL = 0;
				GCC_PREPROCESSOR_DEFINITIONS = (
					"DEBUG=1",
					"$(inherited)",
				);
				GCC_WARN_64_TO_32_BIT_CONVERSION = YES;
				GCC_WARN_ABOUT_RETURN_TYPE = YES_ERROR;
				GCC_WARN_UNDECLARED_SELECTOR = YES;
				GCC_WARN_UNINITIALIZED_AUTOS = YES_AGGRESSIVE;
				GCC_WARN_UNUSED_FUNCTION = YES;
				GCC_WARN_UNUSED_VARIABLE = YES;
				HEADER_SEARCH_PATHS = (
					../../src/base,
					../../src/rtcModule,
					"../../third-party",
					../../src,
					../../../SDK/include,
					../../../SDK/bindings/ios/3rdparty/include,
					../../../SDK/bindings/ios/3rdparty/webrtc,
					../../../SDK/bindings/ios/3rdparty/webrtc/third_party/libyuv/include,
					../../../SDK/bindings/ios/3rdparty/webrtc/third_party/boringssl/src/include,
				);
				IPHONEOS_DEPLOYMENT_TARGET = 9.0;
				LIBRARY_SEARCH_PATHS = ../../../SDK/bindings/ios/3rdparty/lib;
				MTL_ENABLE_DEBUG_INFO = YES;
				ONLY_ACTIVE_ARCH = YES;
				OTHER_CFLAGS = (
					"-DENABLE_CHAT",
					"-DHAVE_CONFIG_H",
					"-DHAVE_KARERE_LOGGER",
					"-DSVC_DISABLE_STROPHE",
					"-D_DARWIN_C_SOURCE",
					"-DUSE_LIBWEBSOCKETS",
					"-DENABLE_WEBRTC",
					"-DWEBRTC_POSIX",
					"-DWEBRTC_MAC",
					"-DWEBRTC_IOS",
					"-DV8_DEPRECATION_WARNINGS",
					"-DNO_TCMALLOC",
					"-DCHROMIUM_BUILD",
					"-DFIELDTRIAL_TESTING_ENABLED",
					"-DCR_XCODE_VERSION=0901",
					"-DCR_CLANG_REVISION=\\\"313786-1\\\"",
					"-D__STDC_CONSTANT_MACROS",
					"-D__STDC_FORMAT_MACROS",
					"-D_FORTIFY_SOURCE=2",
					"-DNVALGRIND",
					"-DDYNAMIC_ANNOTATIONS_ENABLED=0",
					"-DNS_BLOCK_ASSERTIONS=1",
					"-DWEBRTC_ENABLE_PROTOBUF=1",
					"-DWEBRTC_INCLUDE_INTERNAL_AUDIO_DEVICE",
					"-DRTC_DISABLE_VP9",
					"-DHAVE_SCTP",
					"-DWEBRTC_NON_STATIC_TRACE_EVENT_HANDLERS=1",
				);
				OTHER_LDFLAGS = "-ObjC";
				PRODUCT_NAME = "$(TARGET_NAME)";
				SDKROOT = iphoneos;
				SKIP_INSTALL = YES;
				USER_HEADER_SEARCH_PATHS = "../../../SDK/include/mega/posix ../../../SDK/bindings/ios ../../../SDK/bindings/ios/private ../../../SDK/bindings/ios/3rdparty";
			};
			name = Debug;
		};
		A838B2001E96855400875D96 /* Release */ = {
			isa = XCBuildConfiguration;
			buildSettings = {
				ALWAYS_SEARCH_USER_PATHS = NO;
				CLANG_ANALYZER_NONNULL = YES;
				CLANG_ANALYZER_NUMBER_OBJECT_CONVERSION = YES_AGGRESSIVE;
				CLANG_CXX_LANGUAGE_STANDARD = "gnu++0x";
				CLANG_CXX_LIBRARY = "libc++";
				CLANG_ENABLE_MODULES = YES;
				CLANG_ENABLE_OBJC_ARC = YES;
				CLANG_WARN_BOOL_CONVERSION = YES;
				CLANG_WARN_CONSTANT_CONVERSION = YES;
				CLANG_WARN_DIRECT_OBJC_ISA_USAGE = YES_ERROR;
				CLANG_WARN_DOCUMENTATION_COMMENTS = YES;
				CLANG_WARN_EMPTY_BODY = YES;
				CLANG_WARN_ENUM_CONVERSION = YES;
				CLANG_WARN_INFINITE_RECURSION = YES;
				CLANG_WARN_INT_CONVERSION = YES;
				CLANG_WARN_OBJC_ROOT_CLASS = YES_ERROR;
				CLANG_WARN_SUSPICIOUS_MOVE = YES;
				CLANG_WARN_UNREACHABLE_CODE = YES;
				CLANG_WARN__DUPLICATE_METHOD_MATCH = YES;
				"CODE_SIGN_IDENTITY[sdk=iphoneos*]" = "iPhone Developer";
				COPY_PHASE_STRIP = NO;
				DEBUG_INFORMATION_FORMAT = "dwarf-with-dsym";
				DEVELOPMENT_TEAM = T9RH74Y7L9;
				ENABLE_NS_ASSERTIONS = NO;
				ENABLE_STRICT_OBJC_MSGSEND = YES;
				GCC_C_LANGUAGE_STANDARD = gnu99;
				GCC_NO_COMMON_BLOCKS = YES;
				GCC_WARN_64_TO_32_BIT_CONVERSION = YES;
				GCC_WARN_ABOUT_RETURN_TYPE = YES_ERROR;
				GCC_WARN_UNDECLARED_SELECTOR = YES;
				GCC_WARN_UNINITIALIZED_AUTOS = YES_AGGRESSIVE;
				GCC_WARN_UNUSED_FUNCTION = YES;
				GCC_WARN_UNUSED_VARIABLE = YES;
				HEADER_SEARCH_PATHS = (
					../../src/base,
					../../src/rtcModule,
					"../../third-party",
					../../src,
					../../../SDK/include,
					../../../SDK/bindings/ios/3rdparty/include,
					../../../SDK/bindings/ios/3rdparty/webrtc,
					../../../SDK/bindings/ios/3rdparty/webrtc/third_party/libyuv/include,
					../../../SDK/bindings/ios/3rdparty/webrtc/third_party/boringssl/src/include,
				);
				IPHONEOS_DEPLOYMENT_TARGET = 9.0;
				LIBRARY_SEARCH_PATHS = ../../../SDK/bindings/ios/3rdparty/lib;
				MTL_ENABLE_DEBUG_INFO = NO;
				OTHER_CFLAGS = (
					"-DENABLE_CHAT",
					"-DHAVE_CONFIG_H",
					"-DHAVE_KARERE_LOGGER",
					"-DSVC_DISABLE_STROPHE",
					"-D_DARWIN_C_SOURCE",
					"-DNDEBUG",
					"-DENABLE_WEBRTC",
					"-DUSE_LIBWEBSOCKETS",
					"-DWEBRTC_POSIX",
					"-DWEBRTC_IOS",
					"-DWEBRTC_MAC",
					"-DV8_DEPRECATION_WARNINGS",
					"-DNO_TCMALLOC",
					"-DCHROMIUM_BUILD",
					"-DFIELDTRIAL_TESTING_ENABLED",
					"-DCR_XCODE_VERSION=0901",
					"-DCR_CLANG_REVISION=\\\"313786-1\\\"",
					"-D__STDC_CONSTANT_MACROS",
					"-D__STDC_FORMAT_MACROS",
					"-D_FORTIFY_SOURCE=2",
					"-DNDEBUG",
					"-DNVALGRIND",
					"-DDYNAMIC_ANNOTATIONS_ENABLED=0",
					"-DNS_BLOCK_ASSERTIONS=1",
					"-DWEBRTC_ENABLE_PROTOBUF=1",
					"-DWEBRTC_INCLUDE_INTERNAL_AUDIO_DEVICE",
					"-DRTC_DISABLE_VP9",
					"-DHAVE_SCTP",
					"-DWEBRTC_NON_STATIC_TRACE_EVENT_HANDLERS=1",
				);
				OTHER_LDFLAGS = "-ObjC";
				PRODUCT_NAME = "$(TARGET_NAME)";
				SDKROOT = iphoneos;
				SKIP_INSTALL = YES;
				USER_HEADER_SEARCH_PATHS = "../../../SDK/include/mega/posix ../../../SDK/bindings/ios ../../../SDK/bindings/ios/private ../../../SDK/bindings/ios/3rdparty";
				VALIDATE_PRODUCT = YES;
			};
			name = Release;
		};
/* End XCBuildConfiguration section */

/* Begin XCConfigurationList section */
		A838B1F11E96850700875D96 /* Build configuration list for PBXProject "Karere" */ = {
			isa = XCConfigurationList;
			buildConfigurations = (
				A838B1F21E96850700875D96 /* Debug */,
				A838B1F31E96850700875D96 /* Release */,
			);
			defaultConfigurationIsVisible = 0;
			defaultConfigurationName = Release;
		};
		A838B2011E96855400875D96 /* Build configuration list for PBXNativeTarget "Karere" */ = {
			isa = XCConfigurationList;
			buildConfigurations = (
				A838B1FF1E96855400875D96 /* Debug */,
				A838B2001E96855400875D96 /* Release */,
			);
			defaultConfigurationIsVisible = 0;
			defaultConfigurationName = Release;
		};
/* End XCConfigurationList section */
	};
	rootObject = A838B1EE1E96850700875D96 /* Project object */;
}
